// !$*UTF8*$!
{
	archiveVersion = 1;
	classes = {
	};
	objectVersion = 50;
	objects = {

/* Begin PBXBuildFile section */
		58835B8425E4A56900770F5C /* AppDelegate.m in Sources */ = {isa = PBXBuildFile; fileRef = 58835B8325E4A56900770F5C /* AppDelegate.m */; };
		58835B8725E4A56900770F5C /* SceneDelegate.m in Sources */ = {isa = PBXBuildFile; fileRef = 58835B8625E4A56900770F5C /* SceneDelegate.m */; };
		58835B8A25E4A56900770F5C /* ViewController.m in Sources */ = {isa = PBXBuildFile; fileRef = 58835B8925E4A56900770F5C /* ViewController.m */; };
		58835B8D25E4A56900770F5C /* Main.storyboard in Resources */ = {isa = PBXBuildFile; fileRef = 58835B8B25E4A56900770F5C /* Main.storyboard */; };
		58835B8F25E4A56A00770F5C /* Assets.xcassets in Resources */ = {isa = PBXBuildFile; fileRef = 58835B8E25E4A56A00770F5C /* Assets.xcassets */; };
		58835B9225E4A56A00770F5C /* LaunchScreen.storyboard in Resources */ = {isa = PBXBuildFile; fileRef = 58835B9025E4A56A00770F5C /* LaunchScreen.storyboard */; };
		58835B9525E4A56A00770F5C /* main.m in Sources */ = {isa = PBXBuildFile; fileRef = 58835B9425E4A56A00770F5C /* main.m */; };
		58835B9F25E4A57600770F5C /* EventSource.m in Sources */ = {isa = PBXBuildFile; fileRef = 58835B9D25E4A57600770F5C /* EventSource.m */; };
/* End PBXBuildFile section */

/* Begin PBXFileReference section */
		58835B7F25E4A56900770F5C /* YYEventSource.app */ = {isa = PBXFileReference; explicitFileType = wrapper.application; includeInIndex = 0; path = YYEventSource.app; sourceTree = BUILT_PRODUCTS_DIR; };
		58835B8225E4A56900770F5C /* AppDelegate.h */ = {isa = PBXFileReference; lastKnownFileType = sourcecode.c.h; path = AppDelegate.h; sourceTree = "<group>"; };
		58835B8325E4A56900770F5C /* AppDelegate.m */ = {isa = PBXFileReference; lastKnownFileType = sourcecode.c.objc; path = AppDelegate.m; sourceTree = "<group>"; };
		58835B8525E4A56900770F5C /* SceneDelegate.h */ = {isa = PBXFileReference; lastKnownFileType = sourcecode.c.h; path = SceneDelegate.h; sourceTree = "<group>"; };
		58835B8625E4A56900770F5C /* SceneDelegate.m */ = {isa = PBXFileReference; lastKnownFileType = sourcecode.c.objc; path = SceneDelegate.m; sourceTree = "<group>"; };
		58835B8825E4A56900770F5C /* ViewController.h */ = {isa = PBXFileReference; lastKnownFileType = sourcecode.c.h; path = ViewController.h; sourceTree = "<group>"; };
		58835B8925E4A56900770F5C /* ViewController.m */ = {isa = PBXFileReference; lastKnownFileType = sourcecode.c.objc; path = ViewController.m; sourceTree = "<group>"; };
		58835B8C25E4A56900770F5C /* Base */ = {isa = PBXFileReference; lastKnownFileType = file.storyboard; name = Base; path = Base.lproj/Main.storyboard; sourceTree = "<group>"; };
		58835B8E25E4A56A00770F5C /* Assets.xcassets */ = {isa = PBXFileReference; lastKnownFileType = folder.assetcatalog; path = Assets.xcassets; sourceTree = "<group>"; };
		58835B9125E4A56A00770F5C /* Base */ = {isa = PBXFileReference; lastKnownFileType = file.storyboard; name = Base; path = Base.lproj/LaunchScreen.storyboard; sourceTree = "<group>"; };
		58835B9325E4A56A00770F5C /* Info.plist */ = {isa = PBXFileReference; lastKnownFileType = text.plist.xml; path = Info.plist; sourceTree = "<group>"; };
		58835B9425E4A56A00770F5C /* main.m */ = {isa = PBXFileReference; lastKnownFileType = sourcecode.c.objc; path = main.m; sourceTree = "<group>"; };
		58835B9D25E4A57600770F5C /* EventSource.m */ = {isa = PBXFileReference; fileEncoding = 4; lastKnownFileType = sourcecode.c.objc; path = EventSource.m; sourceTree = "<group>"; };
		58835B9E25E4A57600770F5C /* EventSource.h */ = {isa = PBXFileReference; fileEncoding = 4; lastKnownFileType = sourcecode.c.h; path = EventSource.h; sourceTree = "<group>"; };
/* End PBXFileReference section */

/* Begin PBXFrameworksBuildPhase section */
		58835B7C25E4A56900770F5C /* Frameworks */ = {
			isa = PBXFrameworksBuildPhase;
			buildActionMask = 2147483647;
			files = (
			);
			runOnlyForDeploymentPostprocessing = 0;
		};
/* End PBXFrameworksBuildPhase section */

/* Begin PBXGroup section */
		58835B7625E4A56900770F5C = {
			isa = PBXGroup;
			children = (
				58835B8125E4A56900770F5C /* YYEventSource */,
				58835B8025E4A56900770F5C /* Products */,
			);
			sourceTree = "<group>";
		};
		58835B8025E4A56900770F5C /* Products */ = {
			isa = PBXGroup;
			children = (
				58835B7F25E4A56900770F5C /* YYEventSource.app */,
			);
			name = Products;
			sourceTree = "<group>";
		};
		58835B8125E4A56900770F5C /* YYEventSource */ = {
			isa = PBXGroup;
			children = (
				58835B9C25E4A57600770F5C /* YYEventSource */,
				58835B8225E4A56900770F5C /* AppDelegate.h */,
				58835B8325E4A56900770F5C /* AppDelegate.m */,
				58835B8525E4A56900770F5C /* SceneDelegate.h */,
				58835B8625E4A56900770F5C /* SceneDelegate.m */,
				58835B8825E4A56900770F5C /* ViewController.h */,
				58835B8925E4A56900770F5C /* ViewController.m */,
				58835B8B25E4A56900770F5C /* Main.storyboard */,
				58835B8E25E4A56A00770F5C /* Assets.xcassets */,
				58835B9025E4A56A00770F5C /* LaunchScreen.storyboard */,
				58835B9325E4A56A00770F5C /* Info.plist */,
				58835B9425E4A56A00770F5C /* main.m */,
			);
			path = YYEventSource;
			sourceTree = "<group>";
		};
		58835B9C25E4A57600770F5C /* YYEventSource */ = {
			isa = PBXGroup;
			children = (
				58835B9E25E4A57600770F5C /* EventSource.h */,
				58835B9D25E4A57600770F5C /* EventSource.m */,
			);
			path = YYEventSource;
			sourceTree = "<group>";
		};
/* End PBXGroup section */

/* Begin PBXNativeTarget section */
		58835B7E25E4A56900770F5C /* YYEventSource */ = {
			isa = PBXNativeTarget;
			buildConfigurationList = 58835B9825E4A56A00770F5C /* Build configuration list for PBXNativeTarget "YYEventSource" */;
			buildPhases = (
				58835B7B25E4A56900770F5C /* Sources */,
				58835B7C25E4A56900770F5C /* Frameworks */,
				58835B7D25E4A56900770F5C /* Resources */,
			);
			buildRules = (
			);
			dependencies = (
			);
			name = YYEventSource;
			productName = YYEventSource;
			productReference = 58835B7F25E4A56900770F5C /* YYEventSource.app */;
			productType = "com.apple.product-type.application";
		};
/* End PBXNativeTarget section */

/* Begin PBXProject section */
		58835B7725E4A56900770F5C /* Project object */ = {
			isa = PBXProject;
			attributes = {
				LastUpgradeCheck = 1220;
				TargetAttributes = {
					58835B7E25E4A56900770F5C = {
						CreatedOnToolsVersion = 12.2;
					};
				};
			};
			buildConfigurationList = 58835B7A25E4A56900770F5C /* Build configuration list for PBXProject "YYEventSource" */;
			compatibilityVersion = "Xcode 9.3";
			developmentRegion = en;
			hasScannedForEncodings = 0;
			knownRegions = (
				en,
				Base,
			);
			mainGroup = 58835B7625E4A56900770F5C;
			productRefGroup = 58835B8025E4A56900770F5C /* Products */;
			projectDirPath = "";
			projectRoot = "";
			targets = (
				58835B7E25E4A56900770F5C /* YYEventSource */,
			);
		};
/* End PBXProject section */

/* Begin PBXResourcesBuildPhase section */
		58835B7D25E4A56900770F5C /* Resources */ = {
			isa = PBXResourcesBuildPhase;
			buildActionMask = 2147483647;
			files = (
				58835B9225E4A56A00770F5C /* LaunchScreen.storyboard in Resources */,
				58835B8F25E4A56A00770F5C /* Assets.xcassets in Resources */,
				58835B8D25E4A56900770F5C /* Main.storyboard in Resources */,
			);
			runOnlyForDeploymentPostprocessing = 0;
		};
/* End PBXResourcesBuildPhase section */

/* Begin PBXSourcesBuildPhase section */
		58835B7B25E4A56900770F5C /* Sources */ = {
			isa = PBXSourcesBuildPhase;
			buildActionMask = 2147483647;
			files = (
				58835B8A25E4A56900770F5C /* ViewController.m in Sources */,
				58835B9F25E4A57600770F5C /* EventSource.m in Sources */,
				58835B8425E4A56900770F5C /* AppDelegate.m in Sources */,
				58835B9525E4A56A00770F5C /* main.m in Sources */,
				58835B8725E4A56900770F5C /* SceneDelegate.m in Sources */,
			);
			runOnlyForDeploymentPostprocessing = 0;
		};
/* End PBXSourcesBuildPhase section */

/* Begin PBXVariantGroup section */
		58835B8B25E4A56900770F5C /* Main.storyboard */ = {
			isa = PBXVariantGroup;
			children = (
				58835B8C25E4A56900770F5C /* Base */,
			);
			name = Main.storyboard;
			sourceTree = "<group>";
		};
		58835B9025E4A56A00770F5C /* LaunchScreen.storyboard */ = {
			isa = PBXVariantGroup;
			children = (
				58835B9125E4A56A00770F5C /* Base */,
			);
			name = LaunchScreen.storyboard;
			sourceTree = "<group>";
		};
/* End PBXVariantGroup section */

/* Begin XCBuildConfiguration section */
		58835B9625E4A56A00770F5C /* Debug */ = {
			isa = XCBuildConfiguration;
			buildSettings = {
				ALWAYS_SEARCH_USER_PATHS = NO;
				CLANG_ANALYZER_NONNULL = YES;
				CLANG_ANALYZER_NUMBER_OBJECT_CONVERSION = YES_AGGRESSIVE;
				CLANG_CXX_LANGUAGE_STANDARD = "gnu++14";
				CLANG_CXX_LIBRARY = "libc++";
				CLANG_ENABLE_MODULES = YES;
				CLANG_ENABLE_OBJC_ARC = YES;
				CLANG_ENABLE_OBJC_WEAK = YES;
				CLANG_WARN_BLOCK_CAPTURE_AUTORELEASING = YES;
				CLANG_WARN_BOOL_CONVERSION = YES;
				CLANG_WARN_COMMA = YES;
				CLANG_WARN_CONSTANT_CONVERSION = YES;
				CLANG_WARN_DEPRECATED_OBJC_IMPLEMENTATIONS = YES;
				CLANG_WARN_DIRECT_OBJC_ISA_USAGE = YES_ERROR;
				CLANG_WARN_DOCUMENTATION_COMMENTS = YES;
				CLANG_WARN_EMPTY_BODY = YES;
				CLANG_WARN_ENUM_CONVERSION = YES;
				CLANG_WARN_INFINITE_RECURSION = YES;
				CLANG_WARN_INT_CONVERSION = YES;
				CLANG_WARN_NON_LITERAL_NULL_CONVERSION = YES;
				CLANG_WARN_OBJC_IMPLICIT_RETAIN_SELF = YES;
				CLANG_WARN_OBJC_LITERAL_CONVERSION = YES;
				CLANG_WARN_OBJC_ROOT_CLASS = YES_ERROR;
				CLANG_WARN_QUOTED_INCLUDE_IN_FRAMEWORK_HEADER = YES;
				CLANG_WARN_RANGE_LOOP_ANALYSIS = YES;
				CLANG_WARN_STRICT_PROTOTYPES = YES;
				CLANG_WARN_SUSPICIOUS_MOVE = YES;
				CLANG_WARN_UNGUARDED_AVAILABILITY = YES_AGGRESSIVE;
				CLANG_WARN_UNREACHABLE_CODE = YES;
				CLANG_WARN__DUPLICATE_METHOD_MATCH = YES;
				COPY_PHASE_STRIP = NO;
				DEBUG_INFORMATION_FORMAT = dwarf;
				ENABLE_STRICT_OBJC_MSGSEND = YES;
				ENABLE_TESTABILITY = YES;
				GCC_C_LANGUAGE_STANDARD = gnu11;
				GCC_DYNAMIC_NO_PIC = NO;
				GCC_NO_COMMON_BLOCKS = YES;
				GCC_OPTIMIZATION_LEVEL = 0;
				GCC_PREPROCESSOR_DEFINITIONS = (
					"DEBUG=1",
					"$(inherited)",
				);
				GCC_WARN_64_TO_32_BIT_CONVERSION = YES;
				GCC_WARN_ABOUT_RETURN_TYPE = YES_ERROR;
				GCC_WARN_UNDECLARED_SELECTOR = YES;
				GCC_WARN_UNINITIALIZED_AUTOS = YES_AGGRESSIVE;
				GCC_WARN_UNUSED_FUNCTION = YES;
				GCC_WARN_UNUSED_VARIABLE = YES;
				IPHONEOS_DEPLOYMENT_TARGET = 14.2;
				MTL_ENABLE_DEBUG_INFO = INCLUDE_SOURCE;
				MTL_FAST_MATH = YES;
				ONLY_ACTIVE_ARCH = YES;
				SDKROOT = iphoneos;
			};
			name = Debug;
		};
		58835B9725E4A56A00770F5C /* Release */ = {
			isa = XCBuildConfiguration;
			buildSettings = {
				ALWAYS_SEARCH_USER_PATHS = NO;
				CLANG_ANALYZER_NONNULL = YES;
				CLANG_ANALYZER_NUMBER_OBJECT_CONVERSION = YES_AGGRESSIVE;
				CLANG_CXX_LANGUAGE_STANDARD = "gnu++14";
				CLANG_CXX_LIBRARY = "libc++";
				CLANG_ENABLE_MODULES = YES;
				CLANG_ENABLE_OBJC_ARC = YES;
				CLANG_ENABLE_OBJC_WEAK = YES;
				CLANG_WARN_BLOCK_CAPTURE_AUTORELEASING = YES;
				CLANG_WARN_BOOL_CONVERSION = YES;
				CLANG_WARN_COMMA = YES;
				CLANG_WARN_CONSTANT_CONVERSION = YES;
				CLANG_WARN_DEPRECATED_OBJC_IMPLEMENTATIONS = YES;
				CLANG_WARN_DIRECT_OBJC_ISA_USAGE = YES_ERROR;
				CLANG_WARN_DOCUMENTATION_COMMENTS = YES;
				CLANG_WARN_EMPTY_BODY = YES;
				CLANG_WARN_ENUM_CONVERSION = YES;
				CLANG_WARN_INFINITE_RECURSION = YES;
				CLANG_WARN_INT_CONVERSION = YES;
				CLANG_WARN_NON_LITERAL_NULL_CONVERSION = YES;
				CLANG_WARN_OBJC_IMPLICIT_RETAIN_SELF = YES;
				CLANG_WARN_OBJC_LITERAL_CONVERSION = YES;
				CLANG_WARN_OBJC_ROOT_CLASS = YES_ERROR;
				CLANG_WARN_QUOTED_INCLUDE_IN_FRAMEWORK_HEADER = YES;
				CLANG_WARN_RANGE_LOOP_ANALYSIS = YES;
				CLANG_WARN_STRICT_PROTOTYPES = YES;
				CLANG_WARN_SUSPICIOUS_MOVE = YES;
				CLANG_WARN_UNGUARDED_AVAILABILITY = YES_AGGRESSIVE;
				CLANG_WARN_UNREACHABLE_CODE = YES;
				CLANG_WARN__DUPLICATE_METHOD_MATCH = YES;
				COPY_PHASE_STRIP = NO;
				DEBUG_INFORMATION_FORMAT = "dwarf-with-dsym";
				ENABLE_NS_ASSERTIONS = NO;
				ENABLE_STRICT_OBJC_MSGSEND = YES;
				GCC_C_LANGUAGE_STANDARD = gnu11;
				GCC_NO_COMMON_BLOCKS = YES;
				GCC_WARN_64_TO_32_BIT_CONVERSION = YES;
				GCC_WARN_ABOUT_RETURN_TYPE = YES_ERROR;
				GCC_WARN_UNDECLARED_SELECTOR = YES;
				GCC_WARN_UNINITIALIZED_AUTOS = YES_AGGRESSIVE;
				GCC_WARN_UNUSED_FUNCTION = YES;
				GCC_WARN_UNUSED_VARIABLE = YES;
				IPHONEOS_DEPLOYMENT_TARGET = 14.2;
				MTL_ENABLE_DEBUG_INFO = NO;
				MTL_FAST_MATH = YES;
				SDKROOT = iphoneos;
				VALIDATE_PRODUCT = YES;
			};
			name = Release;
		};
		58835B9925E4A56A00770F5C /* Debug */ = {
			isa = XCBuildConfiguration;
			buildSettings = {
				ASSETCATALOG_COMPILER_APPICON_NAME = AppIcon;
				ASSETCATALOG_COMPILER_GLOBAL_ACCENT_COLOR_NAME = AccentColor;
				CODE_SIGN_STYLE = Automatic;
				DEVELOPMENT_TEAM = NEHH7XQE6G;
				INFOPLIST_FILE = YYEventSource/Info.plist;
				LD_RUNPATH_SEARCH_PATHS = (
					"$(inherited)",
					"@executable_path/Frameworks",
				);
				PRODUCT_BUNDLE_IDENTIFIER = YY.YYEventSource;
				PRODUCT_NAME = "$(TARGET_NAME)";
				TARGETED_DEVICE_FAMILY = "1,2";
			};
			name = Debug;
		};
		58835B9A25E4A56A00770F5C /* Release */ = {
			isa = XCBuildConfiguration;
			buildSettings = {
				ASSETCATALOG_COMPILER_APPICON_NAME = AppIcon;
				ASSETCATALOG_COMPILER_GLOBAL_ACCENT_COLOR_NAME = AccentColor;
				CODE_SIGN_STYLE = Automatic;
				DEVELOPMENT_TEAM = NEHH7XQE6G;
				INFOPLIST_FILE = YYEventSource/Info.plist;
				LD_RUNPATH_SEARCH_PATHS = (
					"$(inherited)",
					"@executable_path/Frameworks",
				);
				PRODUCT_BUNDLE_IDENTIFIER = YY.YYEventSource;
				PRODUCT_NAME = "$(TARGET_NAME)";
				TARGETED_DEVICE_FAMILY = "1,2";
			};
			name = Release;
		};
/* End XCBuildConfiguration section */

/* Begin XCConfigurationList section */
		58835B7A25E4A56900770F5C /* Build configuration list for PBXProject "YYEventSource" */ = {
			isa = XCConfigurationList;
			buildConfigurations = (
				58835B9625E4A56A00770F5C /* Debug */,
				58835B9725E4A56A00770F5C /* Release */,
			);
			defaultConfigurationIsVisible = 0;
			defaultConfigurationName = Release;
		};
		58835B9825E4A56A00770F5C /* Build configuration list for PBXNativeTarget "YYEventSource" */ = {
			isa = XCConfigurationList;
			buildConfigurations = (
				58835B9925E4A56A00770F5C /* Debug */,
				58835B9A25E4A56A00770F5C /* Release */,
			);
			defaultConfigurationIsVisible = 0;
			defaultConfigurationName = Release;
		};
/* End XCConfigurationList section */
	};
	rootObject = 58835B7725E4A56900770F5C /* Project object */;
}
